
Microsoft Visual Studio Solution File, Format Version 12.00
# Visual Studio Version 17
VisualStudioVersion = 17.0.31903.59
MinimumVisualStudioVersion = 10.0.40219.1
Project("{FAE04EC0-301F-11D3-BF4B-00C04F79EFBC}") = "ConsoleApp1", "ConsoleApp1\ConsoleApp1.csproj", "{7739A89C-632B-4B54-8FA2-1B8BEBFAF67A}"
EndProject
Project("{FAE04EC0-301F-11D3-BF4B-00C04F79EFBC}") = "ConsoleApp2", "ConsoleApp2\ConsoleApp2.csproj", "{F8863E29-ADC6-46AC-85BC-F89AF712733A}"
EndProject
Global
	GlobalSection(SolutionConfigurationPlatforms) = preSolution
		Debug|Any CPU = Debug|Any CPU
		Release|Any CPU = Release|Any CPU
	EndGlobalSection
	GlobalSection(SolutionProperties) = preSolution
		HideSolutionNode = FALSE
	EndGlobalSection
	GlobalSection(ProjectConfigurationPlatforms) = postSolution
		{7739A89C-632B-4B54-8FA2-1B8BEBFAF67A}.Debug|Any CPU.ActiveCfg = Debug|Any CPU
		{7739A89C-632B-4B54-8FA2-1B8BEBFAF67A}.Debug|Any CPU.Build.0 = Debug|Any CPU
		{7739A89C-632B-4B54-8FA2-1B8BEBFAF67A}.Release|Any CPU.ActiveCfg = Release|Any CPU
		{7739A89C-632B-4B54-8FA2-1B8BEBFAF67A}.Release|Any CPU.Build.0 = Release|Any CPU
		{F8863E29-ADC6-46AC-85BC-F89AF712733A}.Debug|Any CPU.ActiveCfg = Debug|Any CPU
		{F8863E29-ADC6-46AC-85BC-F89AF712733A}.Debug|Any CPU.Build.0 = Debug|Any CPU
		{F8863E29-ADC6-46AC-85BC-F89AF712733A}.Release|Any CPU.ActiveCfg = Release|Any CPU
		{F8863E29-ADC6-46AC-85BC-F89AF712733A}.Release|Any CPU.Build.0 = Release|Any CPU
	EndGlobalSection
EndGlobal
